
Microsoft Visual Studio Solution File, Format Version 12.00
# Visual Studio Version 17
VisualStudioVersion = 17.2.32526.322
MinimumVisualStudioVersion = 10.0.40219.1
Project("{FAE04EC0-301F-11D3-BF4B-00C04F79EFBC}") = "workoutapicore", "workoutapicore\workoutapicore.csproj", "{6B4CA195-2C87-4E4E-A915-2A0FFFB71740}"
EndProject
Global
	GlobalSection(SolutionConfigurationPlatforms) = preSolution
		Debug|Any CPU = Debug|Any CPU
		Release|Any CPU = Release|Any CPU
	EndGlobalSection
	GlobalSection(ProjectConfigurationPlatforms) = postSolution
		{6B4CA195-2C87-4E4E-A915-2A0FFFB71740}.Debug|Any CPU.ActiveCfg = Debug|Any CPU
		{6B4CA195-2C87-4E4E-A915-2A0FFFB71740}.Debug|Any CPU.Build.0 = Debug|Any CPU
		{6B4CA195-2C87-4E4E-A915-2A0FFFB71740}.Release|Any CPU.ActiveCfg = Release|Any CPU
		{6B4CA195-2C87-4E4E-A915-2A0FFFB71740}.Release|Any CPU.Build.0 = Release|Any CPU
	EndGlobalSection
	GlobalSection(SolutionProperties) = preSolution
		HideSolutionNode = FALSE
	EndGlobalSection
	GlobalSection(ExtensibilityGlobals) = postSolution
		SolutionGuid = {58AD8DF9-8878-4594-8230-C5A2DFB9C581}
	EndGlobalSection
EndGlobal
